// !$*UTF8*$!
{
	archiveVersion = 1;
	classes = {
	};
	objectVersion = 46;
	objects = {

/* Begin PBXBuildFile section */
		855B4212212CE14100186DAE /* AppDelegate.swift in Sources */ = {isa = PBXBuildFile; fileRef = 855B4211212CE14100186DAE /* AppDelegate.swift */; };
		855B4214212CE14100186DAE /* ViewController.swift in Sources */ = {isa = PBXBuildFile; fileRef = 855B4213212CE14100186DAE /* ViewController.swift */; };
		855B4217212CE14100186DAE /* Main.storyboard in Resources */ = {isa = PBXBuildFile; fileRef = 855B4215212CE14100186DAE /* Main.storyboard */; };
		855B4219212CE14100186DAE /* Assets.xcassets in Resources */ = {isa = PBXBuildFile; fileRef = 855B4218212CE14100186DAE /* Assets.xcassets */; };
		855B421C212CE14100186DAE /* LaunchScreen.storyboard in Resources */ = {isa = PBXBuildFile; fileRef = 855B421A212CE14100186DAE /* LaunchScreen.storyboard */; };
		855B4227212CE14100186DAE /* MasConstraintsTests.swift in Sources */ = {isa = PBXBuildFile; fileRef = 855B4226212CE14100186DAE /* MasConstraintsTests.swift */; };
		855B4232212CE14100186DAE /* MasConstraintsUITests.swift in Sources */ = {isa = PBXBuildFile; fileRef = 855B4231212CE14100186DAE /* MasConstraintsUITests.swift */; };
/* End PBXBuildFile section */

/* Begin PBXContainerItemProxy section */
		855B4223212CE14100186DAE /* PBXContainerItemProxy */ = {
			isa = PBXContainerItemProxy;
			containerPortal = 855B4206212CE14000186DAE /* Project object */;
			proxyType = 1;
			remoteGlobalIDString = 855B420D212CE14000186DAE;
			remoteInfo = MasConstraints;
		};
		855B422E212CE14100186DAE /* PBXContainerItemProxy */ = {
			isa = PBXContainerItemProxy;
			containerPortal = 855B4206212CE14000186DAE /* Project object */;
			proxyType = 1;
			remoteGlobalIDString = 855B420D212CE14000186DAE;
			remoteInfo = MasConstraints;
		};
/* End PBXContainerItemProxy section */

/* Begin PBXFileReference section */
		855B420E212CE14100186DAE /* MasConstraints.app */ = {isa = PBXFileReference; explicitFileType = wrapper.application; includeInIndex = 0; path = MasConstraints.app; sourceTree = BUILT_PRODUCTS_DIR; };
		855B4211212CE14100186DAE /* AppDelegate.swift */ = {isa = PBXFileReference; lastKnownFileType = sourcecode.swift; path = AppDelegate.swift; sourceTree = "<group>"; };
		855B4213212CE14100186DAE /* ViewController.swift */ = {isa = PBXFileReference; lastKnownFileType = sourcecode.swift; path = ViewController.swift; sourceTree = "<group>"; };
		855B4216212CE14100186DAE /* Base */ = {isa = PBXFileReference; lastKnownFileType = file.storyboard; name = Base; path = Base.lproj/Main.storyboard; sourceTree = "<group>"; };
		855B4218212CE14100186DAE /* Assets.xcassets */ = {isa = PBXFileReference; lastKnownFileType = folder.assetcatalog; path = Assets.xcassets; sourceTree = "<group>"; };
		855B421B212CE14100186DAE /* Base */ = {isa = PBXFileReference; lastKnownFileType = file.storyboard; name = Base; path = Base.lproj/LaunchScreen.storyboard; sourceTree = "<group>"; };
		855B421D212CE14100186DAE /* Info.plist */ = {isa = PBXFileReference; lastKnownFileType = text.plist.xml; path = Info.plist; sourceTree = "<group>"; };
		855B4222212CE14100186DAE /* MasConstraintsTests.xctest */ = {isa = PBXFileReference; explicitFileType = wrapper.cfbundle; includeInIndex = 0; path = MasConstraintsTests.xctest; sourceTree = BUILT_PRODUCTS_DIR; };
		855B4226212CE14100186DAE /* MasConstraintsTests.swift */ = {isa = PBXFileReference; lastKnownFileType = sourcecode.swift; path = MasConstraintsTests.swift; sourceTree = "<group>"; };
		855B4228212CE14100186DAE /* Info.plist */ = {isa = PBXFileReference; lastKnownFileType = text.plist.xml; path = Info.plist; sourceTree = "<group>"; };
		855B422D212CE14100186DAE /* MasConstraintsUITests.xctest */ = {isa = PBXFileReference; explicitFileType = wrapper.cfbundle; includeInIndex = 0; path = MasConstraintsUITests.xctest; sourceTree = BUILT_PRODUCTS_DIR; };
		855B4231212CE14100186DAE /* MasConstraintsUITests.swift */ = {isa = PBXFileReference; lastKnownFileType = sourcecode.swift; path = MasConstraintsUITests.swift; sourceTree = "<group>"; };
		855B4233212CE14100186DAE /* Info.plist */ = {isa = PBXFileReference; lastKnownFileType = text.plist.xml; path = Info.plist; sourceTree = "<group>"; };
/* End PBXFileReference section */

/* Begin PBXFrameworksBuildPhase section */
		855B420B212CE14000186DAE /* Frameworks */ = {
			isa = PBXFrameworksBuildPhase;
			buildActionMask = 2147483647;
			files = (
			);
			runOnlyForDeploymentPostprocessing = 0;
		};
		855B421F212CE14100186DAE /* Frameworks */ = {
			isa = PBXFrameworksBuildPhase;
			buildActionMask = 2147483647;
			files = (
			);
			runOnlyForDeploymentPostprocessing = 0;
		};
		855B422A212CE14100186DAE /* Frameworks */ = {
			isa = PBXFrameworksBuildPhase;
			buildActionMask = 2147483647;
			files = (
			);
			runOnlyForDeploymentPostprocessing = 0;
		};
/* End PBXFrameworksBuildPhase section */

/* Begin PBXGroup section */
		855B4205212CE14000186DAE = {
			isa = PBXGroup;
			children = (
				855B4210212CE14100186DAE /* MasConstraints */,
				855B4225212CE14100186DAE /* MasConstraintsTests */,
				855B4230212CE14100186DAE /* MasConstraintsUITests */,
				855B420F212CE14100186DAE /* Products */,
			);
			sourceTree = "<group>";
		};
		855B420F212CE14100186DAE /* Products */ = {
			isa = PBXGroup;
			children = (
				855B420E212CE14100186DAE /* MasConstraints.app */,
				855B4222212CE14100186DAE /* MasConstraintsTests.xctest */,
				855B422D212CE14100186DAE /* MasConstraintsUITests.xctest */,
			);
			name = Products;
			sourceTree = "<group>";
		};
		855B4210212CE14100186DAE /* MasConstraints */ = {
			isa = PBXGroup;
			children = (
				855B4211212CE14100186DAE /* AppDelegate.swift */,
				855B4213212CE14100186DAE /* ViewController.swift */,
				855B4215212CE14100186DAE /* Main.storyboard */,
				855B4218212CE14100186DAE /* Assets.xcassets */,
				855B421A212CE14100186DAE /* LaunchScreen.storyboard */,
				855B421D212CE14100186DAE /* Info.plist */,
			);
			path = MasConstraints;
			sourceTree = "<group>";
		};
		855B4225212CE14100186DAE /* MasConstraintsTests */ = {
			isa = PBXGroup;
			children = (
				855B4226212CE14100186DAE /* MasConstraintsTests.swift */,
				855B4228212CE14100186DAE /* Info.plist */,
			);
			path = MasConstraintsTests;
			sourceTree = "<group>";
		};
		855B4230212CE14100186DAE /* MasConstraintsUITests */ = {
			isa = PBXGroup;
			children = (
				855B4231212CE14100186DAE /* MasConstraintsUITests.swift */,
				855B4233212CE14100186DAE /* Info.plist */,
			);
			path = MasConstraintsUITests;
			sourceTree = "<group>";
		};
/* End PBXGroup section */

/* Begin PBXNativeTarget section */
		855B420D212CE14000186DAE /* MasConstraints */ = {
			isa = PBXNativeTarget;
			buildConfigurationList = 855B4236212CE14100186DAE /* Build configuration list for PBXNativeTarget "MasConstraints" */;
			buildPhases = (
				855B420A212CE14000186DAE /* Sources */,
				855B420B212CE14000186DAE /* Frameworks */,
				855B420C212CE14000186DAE /* Resources */,
			);
			buildRules = (
			);
			dependencies = (
			);
			name = MasConstraints;
			productName = MasConstraints;
			productReference = 855B420E212CE14100186DAE /* MasConstraints.app */;
			productType = "com.apple.product-type.application";
		};
		855B4221212CE14100186DAE /* MasConstraintsTests */ = {
			isa = PBXNativeTarget;
			buildConfigurationList = 855B4239212CE14100186DAE /* Build configuration list for PBXNativeTarget "MasConstraintsTests" */;
			buildPhases = (
				855B421E212CE14100186DAE /* Sources */,
				855B421F212CE14100186DAE /* Frameworks */,
				855B4220212CE14100186DAE /* Resources */,
			);
			buildRules = (
			);
			dependencies = (
				855B4224212CE14100186DAE /* PBXTargetDependency */,
			);
			name = MasConstraintsTests;
			productName = MasConstraintsTests;
			productReference = 855B4222212CE14100186DAE /* MasConstraintsTests.xctest */;
			productType = "com.apple.product-type.bundle.unit-test";
		};
		855B422C212CE14100186DAE /* MasConstraintsUITests */ = {
			isa = PBXNativeTarget;
			buildConfigurationList = 855B423C212CE14100186DAE /* Build configuration list for PBXNativeTarget "MasConstraintsUITests" */;
			buildPhases = (
				855B4229212CE14100186DAE /* Sources */,
				855B422A212CE14100186DAE /* Frameworks */,
				855B422B212CE14100186DAE /* Resources */,
			);
			buildRules = (
			);
			dependencies = (
				855B422F212CE14100186DAE /* PBXTargetDependency */,
			);
			name = MasConstraintsUITests;
			productName = MasConstraintsUITests;
			productReference = 855B422D212CE14100186DAE /* MasConstraintsUITests.xctest */;
			productType = "com.apple.product-type.bundle.ui-testing";
		};
/* End PBXNativeTarget section */

/* Begin PBXProject section */
		855B4206212CE14000186DAE /* Project object */ = {
			isa = PBXProject;
			attributes = {
				LastSwiftUpdateCheck = 0820;
				LastUpgradeCheck = 0820;
				ORGANIZATIONNAME = Maestro;
				TargetAttributes = {
					855B420D212CE14000186DAE = {
						CreatedOnToolsVersion = 8.2;
						ProvisioningStyle = Automatic;
					};
					855B4221212CE14100186DAE = {
						CreatedOnToolsVersion = 8.2;
						ProvisioningStyle = Automatic;
						TestTargetID = 855B420D212CE14000186DAE;
					};
					855B422C212CE14100186DAE = {
						CreatedOnToolsVersion = 8.2;
						ProvisioningStyle = Automatic;
						TestTargetID = 855B420D212CE14000186DAE;
					};
				};
			};
			buildConfigurationList = 855B4209212CE14000186DAE /* Build configuration list for PBXProject "MasConstraints" */;
			compatibilityVersion = "Xcode 3.2";
			developmentRegion = English;
			hasScannedForEncodings = 0;
			knownRegions = (
				en,
				Base,
			);
			mainGroup = 855B4205212CE14000186DAE;
			productRefGroup = 855B420F212CE14100186DAE /* Products */;
			projectDirPath = "";
			projectRoot = "";
			targets = (
				855B420D212CE14000186DAE /* MasConstraints */,
				855B4221212CE14100186DAE /* MasConstraintsTests */,
				855B422C212CE14100186DAE /* MasConstraintsUITests */,
			);
		};
/* End PBXProject section */

/* Begin PBXResourcesBuildPhase section */
		855B420C212CE14000186DAE /* Resources */ = {
			isa = PBXResourcesBuildPhase;
			buildActionMask = 2147483647;
			files = (
				855B421C212CE14100186DAE /* LaunchScreen.storyboard in Resources */,
				855B4219212CE14100186DAE /* Assets.xcassets in Resources */,
				855B4217212CE14100186DAE /* Main.storyboard in Resources */,
			);
			runOnlyForDeploymentPostprocessing = 0;
		};
		855B4220212CE14100186DAE /* Resources */ = {
			isa = PBXResourcesBuildPhase;
			buildActionMask = 2147483647;
			files = (
			);
			runOnlyForDeploymentPostprocessing = 0;
		};
		855B422B212CE14100186DAE /* Resources */ = {
			isa = PBXResourcesBuildPhase;
			buildActionMask = 2147483647;
			files = (
			);
			runOnlyForDeploymentPostprocessing = 0;
		};
/* End PBXResourcesBuildPhase section */

/* Begin PBXSourcesBuildPhase section */
		855B420A212CE14000186DAE /* Sources */ = {
			isa = PBXSourcesBuildPhase;
			buildActionMask = 2147483647;
			files = (
				855B4214212CE14100186DAE /* ViewController.swift in Sources */,
				855B4212212CE14100186DAE /* AppDelegate.swift in Sources */,
			);
			runOnlyForDeploymentPostprocessing = 0;
		};
		855B421E212CE14100186DAE /* Sources */ = {
			isa = PBXSourcesBuildPhase;
			buildActionMask = 2147483647;
			files = (
				855B4227212CE14100186DAE /* MasConstraintsTests.swift in Sources */,
			);
			runOnlyForDeploymentPostprocessing = 0;
		};
		855B4229212CE14100186DAE /* Sources */ = {
			isa = PBXSourcesBuildPhase;
			buildActionMask = 2147483647;
			files = (
				855B4232212CE14100186DAE /* MasConstraintsUITests.swift in Sources */,
			);
			runOnlyForDeploymentPostprocessing = 0;
		};
/* End PBXSourcesBuildPhase section */

/* Begin PBXTargetDependency section */
		855B4224212CE14100186DAE /* PBXTargetDependency */ = {
			isa = PBXTargetDependency;
			target = 855B420D212CE14000186DAE /* MasConstraints */;
			targetProxy = 855B4223212CE14100186DAE /* PBXContainerItemProxy */;
		};
		855B422F212CE14100186DAE /* PBXTargetDependency */ = {
			isa = PBXTargetDependency;
			target = 855B420D212CE14000186DAE /* MasConstraints */;
			targetProxy = 855B422E212CE14100186DAE /* PBXContainerItemProxy */;
		};
/* End PBXTargetDependency section */

/* Begin PBXVariantGroup section */
		855B4215212CE14100186DAE /* Main.storyboard */ = {
			isa = PBXVariantGroup;
			children = (
				855B4216212CE14100186DAE /* Base */,
			);
			name = Main.storyboard;
			sourceTree = "<group>";
		};
		855B421A212CE14100186DAE /* LaunchScreen.storyboard */ = {
			isa = PBXVariantGroup;
			children = (
				855B421B212CE14100186DAE /* Base */,
			);
			name = LaunchScreen.storyboard;
			sourceTree = "<group>";
		};
/* End PBXVariantGroup section */

/* Begin XCBuildConfiguration section */
		855B4234212CE14100186DAE /* Debug */ = {
			isa = XCBuildConfiguration;
			buildSettings = {
				ALWAYS_SEARCH_USER_PATHS = NO;
				CLANG_ANALYZER_NONNULL = YES;
				CLANG_CXX_LANGUAGE_STANDARD = "gnu++0x";
				CLANG_CXX_LIBRARY = "libc++";
				CLANG_ENABLE_MODULES = YES;
				CLANG_ENABLE_OBJC_ARC = YES;
				CLANG_WARN_BOOL_CONVERSION = YES;
				CLANG_WARN_CONSTANT_CONVERSION = YES;
				CLANG_WARN_DIRECT_OBJC_ISA_USAGE = YES_ERROR;
				CLANG_WARN_DOCUMENTATION_COMMENTS = YES;
				CLANG_WARN_EMPTY_BODY = YES;
				CLANG_WARN_ENUM_CONVERSION = YES;
				CLANG_WARN_INFINITE_RECURSION = YES;
				CLANG_WARN_INT_CONVERSION = YES;
				CLANG_WARN_OBJC_ROOT_CLASS = YES_ERROR;
				CLANG_WARN_SUSPICIOUS_MOVE = YES;
				CLANG_WARN_UNREACHABLE_CODE = YES;
				CLANG_WARN__DUPLICATE_METHOD_MATCH = YES;
				"CODE_SIGN_IDENTITY[sdk=iphoneos*]" = "iPhone Developer";
				COPY_PHASE_STRIP = NO;
				DEBUG_INFORMATION_FORMAT = dwarf;
				ENABLE_STRICT_OBJC_MSGSEND = YES;
				ENABLE_TESTABILITY = YES;
				GCC_C_LANGUAGE_STANDARD = gnu99;
				GCC_DYNAMIC_NO_PIC = NO;
				GCC_NO_COMMON_BLOCKS = YES;
				GCC_OPTIMIZATION_LEVEL = 0;
				GCC_PREPROCESSOR_DEFINITIONS = (
					"DEBUG=1",
					"$(inherited)",
				);
				GCC_WARN_64_TO_32_BIT_CONVERSION = YES;
				GCC_WARN_ABOUT_RETURN_TYPE = YES_ERROR;
				GCC_WARN_UNDECLARED_SELECTOR = YES;
				GCC_WARN_UNINITIALIZED_AUTOS = YES_AGGRESSIVE;
				GCC_WARN_UNUSED_FUNCTION = YES;
				GCC_WARN_UNUSED_VARIABLE = YES;
				IPHONEOS_DEPLOYMENT_TARGET = 10.2;
				MTL_ENABLE_DEBUG_INFO = YES;
				ONLY_ACTIVE_ARCH = YES;
				SDKROOT = iphoneos;
				SWIFT_ACTIVE_COMPILATION_CONDITIONS = DEBUG;
				SWIFT_OPTIMIZATION_LEVEL = "-Onone";
				TARGETED_DEVICE_FAMILY = "1,2";
			};
			name = Debug;
		};
		855B4235212CE14100186DAE /* Release */ = {
			isa = XCBuildConfiguration;
			buildSettings = {
				ALWAYS_SEARCH_USER_PATHS = NO;
				CLANG_ANALYZER_NONNULL = YES;
				CLANG_CXX_LANGUAGE_STANDARD = "gnu++0x";
				CLANG_CXX_LIBRARY = "libc++";
				CLANG_ENABLE_MODULES = YES;
				CLANG_ENABLE_OBJC_ARC = YES;
				CLANG_WARN_BOOL_CONVERSION = YES;
				CLANG_WARN_CONSTANT_CONVERSION = YES;
				CLANG_WARN_DIRECT_OBJC_ISA_USAGE = YES_ERROR;
				CLANG_WARN_DOCUMENTATION_COMMENTS = YES;
				CLANG_WARN_EMPTY_BODY = YES;
				CLANG_WARN_ENUM_CONVERSION = YES;
				CLANG_WARN_INFINITE_RECURSION = YES;
				CLANG_WARN_INT_CONVERSION = YES;
				CLANG_WARN_OBJC_ROOT_CLASS = YES_ERROR;
				CLANG_WARN_SUSPICIOUS_MOVE = YES;
				CLANG_WARN_UNREACHABLE_CODE = YES;
				CLANG_WARN__DUPLICATE_METHOD_MATCH = YES;
				"CODE_SIGN_IDENTITY[sdk=iphoneos*]" = "iPhone Developer";
				COPY_PHASE_STRIP = NO;
				DEBUG_INFORMATION_FORMAT = "dwarf-with-dsym";
				ENABLE_NS_ASSERTIONS = NO;
				ENABLE_STRICT_OBJC_MSGSEND = YES;
				GCC_C_LANGUAGE_STANDARD = gnu99;
				GCC_NO_COMMON_BLOCKS = YES;
				GCC_WARN_64_TO_32_BIT_CONVERSION = YES;
				GCC_WARN_ABOUT_RETURN_TYPE = YES_ERROR;
				GCC_WARN_UNDECLARED_SELECTOR = YES;
				GCC_WARN_UNINITIALIZED_AUTOS = YES_AGGRESSIVE;
				GCC_WARN_UNUSED_FUNCTION = YES;
				GCC_WARN_UNUSED_VARIABLE = YES;
				IPHONEOS_DEPLOYMENT_TARGET = 10.2;
				MTL_ENABLE_DEBUG_INFO = NO;
				SDKROOT = iphoneos;
				SWIFT_OPTIMIZATION_LEVEL = "-Owholemodule";
				TARGETED_DEVICE_FAMILY = "1,2";
				VALIDATE_PRODUCT = YES;
			};
			name = Release;
		};
		855B4237212CE14100186DAE /* Debug */ = {
			isa = XCBuildConfiguration;
			buildSettings = {
				ASSETCATALOG_COMPILER_APPICON_NAME = AppIcon;
				INFOPLIST_FILE = MasConstraints/Info.plist;
				LD_RUNPATH_SEARCH_PATHS = "$(inherited) @executable_path/Frameworks";
				PRODUCT_BUNDLE_IDENTIFIER = edu.ulsa.MasConstraints;
				PRODUCT_NAME = "$(TARGET_NAME)";
				SWIFT_VERSION = 3.0;
			};
			name = Debug;
		};
		855B4238212CE14100186DAE /* Release */ = {
			isa = XCBuildConfiguration;
			buildSettings = {
				ASSETCATALOG_COMPILER_APPICON_NAME = AppIcon;
				INFOPLIST_FILE = MasConstraints/Info.plist;
				LD_RUNPATH_SEARCH_PATHS = "$(inherited) @executable_path/Frameworks";
				PRODUCT_BUNDLE_IDENTIFIER = edu.ulsa.MasConstraints;
				PRODUCT_NAME = "$(TARGET_NAME)";
				SWIFT_VERSION = 3.0;
			};
			name = Release;
		};
		855B423A212CE14100186DAE /* Debug */ = {
			isa = XCBuildConfiguration;
			buildSettings = {
				ALWAYS_EMBED_SWIFT_STANDARD_LIBRARIES = YES;
				BUNDLE_LOADER = "$(TEST_HOST)";
				INFOPLIST_FILE = MasConstraintsTests/Info.plist;
				LD_RUNPATH_SEARCH_PATHS = "$(inherited) @executable_path/Frameworks @loader_path/Frameworks";
				PRODUCT_BUNDLE_IDENTIFIER = edu.ulsa.MasConstraintsTests;
				PRODUCT_NAME = "$(TARGET_NAME)";
				SWIFT_VERSION = 3.0;
				TEST_HOST = "$(BUILT_PRODUCTS_DIR)/MasConstraints.app/MasConstraints";
			};
			name = Debug;
		};
		855B423B212CE14100186DAE /* Release */ = {
			isa = XCBuildConfiguration;
			buildSettings = {
				ALWAYS_EMBED_SWIFT_STANDARD_LIBRARIES = YES;
				BUNDLE_LOADER = "$(TEST_HOST)";
				INFOPLIST_FILE = MasConstraintsTests/Info.plist;
				LD_RUNPATH_SEARCH_PATHS = "$(inherited) @executable_path/Frameworks @loader_path/Frameworks";
				PRODUCT_BUNDLE_IDENTIFIER = edu.ulsa.MasConstraintsTests;
				PRODUCT_NAME = "$(TARGET_NAME)";
				SWIFT_VERSION = 3.0;
				TEST_HOST = "$(BUILT_PRODUCTS_DIR)/MasConstraints.app/MasConstraints";
			};
			name = Release;
		};
		855B423D212CE14100186DAE /* Debug */ = {
			isa = XCBuildConfiguration;
			buildSettings = {
				ALWAYS_EMBED_SWIFT_STANDARD_LIBRARIES = YES;
				INFOPLIST_FILE = MasConstraintsUITests/Info.plist;
				LD_RUNPATH_SEARCH_PATHS = "$(inherited) @executable_path/Frameworks @loader_path/Frameworks";
				PRODUCT_BUNDLE_IDENTIFIER = edu.ulsa.MasConstraintsUITests;
				PRODUCT_NAME = "$(TARGET_NAME)";
				SWIFT_VERSION = 3.0;
				TEST_TARGET_NAME = MasConstraints;
			};
			name = Debug;
		};
		855B423E212CE14100186DAE /* Release */ = {
			isa = XCBuildConfiguration;
			buildSettings = {
				ALWAYS_EMBED_SWIFT_STANDARD_LIBRARIES = YES;
				INFOPLIST_FILE = MasConstraintsUITests/Info.plist;
				LD_RUNPATH_SEARCH_PATHS = "$(inherited) @executable_path/Frameworks @loader_path/Frameworks";
				PRODUCT_BUNDLE_IDENTIFIER = edu.ulsa.MasConstraintsUITests;
				PRODUCT_NAME = "$(TARGET_NAME)";
				SWIFT_VERSION = 3.0;
				TEST_TARGET_NAME = MasConstraints;
			};
			name = Release;
		};
/* End XCBuildConfiguration section */

/* Begin XCConfigurationList section */
		855B4209212CE14000186DAE /* Build configuration list for PBXProject "MasConstraints" */ = {
			isa = XCConfigurationList;
			buildConfigurations = (
				855B4234212CE14100186DAE /* Debug */,
				855B4235212CE14100186DAE /* Release */,
			);
			defaultConfigurationIsVisible = 0;
			defaultConfigurationName = Release;
		};
		855B4236212CE14100186DAE /* Build configuration list for PBXNativeTarget "MasConstraints" */ = {
			isa = XCConfigurationList;
			buildConfigurations = (
				855B4237212CE14100186DAE /* Debug */,
				855B4238212CE14100186DAE /* Release */,
			);
			defaultConfigurationIsVisible = 0;
		};
		855B4239212CE14100186DAE /* Build configuration list for PBXNativeTarget "MasConstraintsTests" */ = {
			isa = XCConfigurationList;
			buildConfigurations = (
				855B423A212CE14100186DAE /* Debug */,
				855B423B212CE14100186DAE /* Release */,
			);
			defaultConfigurationIsVisible = 0;
		};
		855B423C212CE14100186DAE /* Build configuration list for PBXNativeTarget "MasConstraintsUITests" */ = {
			isa = XCConfigurationList;
			buildConfigurations = (
				855B423D212CE14100186DAE /* Debug */,
				855B423E212CE14100186DAE /* Release */,
			);
			defaultConfigurationIsVisible = 0;
		};
/* End XCConfigurationList section */
	};
	rootObject = 855B4206212CE14000186DAE /* Project object */;
}
